PODS:
  - RxBlocking (3.0.0):
    - RxSwift (~> 3.0)
  - RxCocoa (3.0.0):
    - RxSwift (~> 3.0)
  - RxSwift (3.0.0)
  - RxTest (3.0.0):
    - RxSwift (~> 3.0)

DEPENDENCIES:
  - RxBlocking (~> 3.0)
  - RxCocoa (~> 3.0)
  - RxSwift (~> 3.0)
  - RxTest (~> 3.0)

SPEC CHECKSUMS:
  RxBlocking: 0132c660340d8b8f34b65b2e099167ea6134eecf
  RxCocoa: 0a2f3ae381cf16f4021a4cee7a4420f83058a965
  RxSwift: a930cd662f5b4a7ca9dc3518585dba91dadf497c
  RxTest: 770511db5d602b618ee8c8a7c06b4b71f9168f7c

PODFILE CHECKSUM: 03d47c15acd1a8a824402fb7685622d66e8fed84

COCOAPODS: 1.2.0.beta.3
